{
  "name": "game",
  "version": "1.0.0",
  "lockfileVersion": 2,
  "requires": true,
  "packages": {
    "": {
      "name": "game",
      "version": "1.0.0",
      "license": "ISC",
      "dependencies": {
        "fireworks-canvas": "^2.6.2",
        "fireworks-js": "^2.5.1"
      }
    },
    "node_modules/fireworks-canvas": {
      "version": "2.6.2",
      "resolved": "https://registry.npmjs.org/fireworks-canvas/-/fireworks-canvas-2.6.2.tgz",
      "integrity": "sha512-B/Tuito9YJZXN7Z2/A1d9r5ZyU+lAn3UTDhb0Bh6AFhmyOYJRfdTyjpPbypqC+XZjGdRDhkTBqUWGQuUUtqfRQ=="
    },
    "node_modules/fireworks-js": {
      "version": "2.5.1",
      "resolved": "https://registry.npmjs.org/fireworks-js/-/fireworks-js-2.5.1.tgz",
      "integrity": "sha512-vl4L90PzMXelPax3tR+X8e0zJsTn5Pstb3kmbcj4gEuH4nkwtNcnpieMqS+PgpsV832awtpYQ1lTdxXHLudrqw=="
    }
  },
  "dependencies": {
    "fireworks-canvas": {
      "version": "2.6.2",
      "resolved": "https://registry.npmjs.org/fireworks-canvas/-/fireworks-canvas-2.6.2.tgz",
      "integrity": "sha512-B/Tuito9YJZXN7Z2/A1d9r5ZyU+lAn3UTDhb0Bh6AFhmyOYJRfdTyjpPbypqC+XZjGdRDhkTBqUWGQuUUtqfRQ=="
    },
    "fireworks-js": {
      "version": "2.5.1",
      "resolved": "https://registry.npmjs.org/fireworks-js/-/fireworks-js-2.5.1.tgz",
      "integrity": "sha512-vl4L90PzMXelPax3tR+X8e0zJsTn5Pstb3kmbcj4gEuH4nkwtNcnpieMqS+PgpsV832awtpYQ1lTdxXHLudrqw=="
    }
  }
}
